# THIS IS AN AUTOGENERATED FILE. DO NOT EDIT THIS FILE DIRECTLY.
# yarn lockfile v1


"@types/node@^10.9.4":
  version "10.9.4"
  resolved "https://registry.yarnpkg.com/@types/node/-/node-10.9.4.tgz#0f4cb2dc7c1de6096055357f70179043c33e9897"

"@types/three@^0.92.18":
  version "0.92.18"
  resolved "https://registry.yarnpkg.com/@types/three/-/three-0.92.18.tgz#49db164e47b00894bdf735f507af8993e5f777a9"
  dependencies:
    "@types/webvr-api" "*"

"@types/webvr-api@*":
  version "0.0.34"
  resolved "https://registry.yarnpkg.com/@types/webvr-api/-/webvr-api-0.0.34.tgz#8fa49028de925c7b8bce3d559d3374ce2c89ee28"

three@^0.96.0:
  version "0.96.0"
  resolved "https://registry.yarnpkg.com/three/-/three-0.96.0.tgz#6f48bb9e321506906ae4708bda69b0ffa808ee7f"

typescript@^3.0.3:
  version "3.0.3"
  resolved "https://registry.yarnpkg.com/typescript/-/typescript-3.0.3.tgz#4853b3e275ecdaa27f78fda46dc273a7eb7fc1c8"
